{
  "name": "backend",
  "lockfileVersion": 3,
  "requires": true,
  "packages": {
    "": {
      "dependencies": {
        "@chess-openings/eco.json": "^2.2.0"
      }
    },
    "node_modules/@chess-openings/eco.json": {
      "version": "2.2.0",
      "resolved": "https://registry.npmjs.org/@chess-openings/eco.json/-/eco.json-2.2.0.tgz",
      "integrity": "sha512-qiB9DkAogAYJymVvfSVRdkGjFxMA6f3H2srXsbUAfF9+Xh2+QSP7N0c/ilUKFcGzLAVfloaiObjXNgpzIoFNSw==",
      "license": "MIT",
      "engines": {
        "node": ">=18.0.0"
      }
    }
  }
}
